
Microsoft Visual Studio Solution File, Format Version 12.00
Project("{FAE04EC0-301F-11D3-BF4B-00C04F79EFBC}") = "ToStringSourceGenerator", "ToStringSourceGenerator\ToStringSourceGenerator\ToStringSourceGenerator.csproj", "{6F10F4B2-31CA-408B-95F0-A5229F762E8E}"
EndProject
Project("{FAE04EC0-301F-11D3-BF4B-00C04F79EFBC}") = "ToStringSourceGenerator.Tests", "ToStringSourceGenerator\ToStringSourceGenerator.Tests\ToStringSourceGenerator.Tests.csproj", "{B030E0BD-04E4-428F-A78B-E2113C01B24B}"
EndProject
Global
	GlobalSection(SolutionConfigurationPlatforms) = preSolution
		Debug|Any CPU = Debug|Any CPU
		Release|Any CPU = Release|Any CPU
	EndGlobalSection
	GlobalSection(ProjectConfigurationPlatforms) = postSolution
		{6F10F4B2-31CA-408B-95F0-A5229F762E8E}.Debug|Any CPU.ActiveCfg = Debug|Any CPU
		{6F10F4B2-31CA-408B-95F0-A5229F762E8E}.Debug|Any CPU.Build.0 = Debug|Any CPU
		{6F10F4B2-31CA-408B-95F0-A5229F762E8E}.Release|Any CPU.ActiveCfg = Release|Any CPU
		{6F10F4B2-31CA-408B-95F0-A5229F762E8E}.Release|Any CPU.Build.0 = Release|Any CPU
		{B030E0BD-04E4-428F-A78B-E2113C01B24B}.Debug|Any CPU.ActiveCfg = Debug|Any CPU
		{B030E0BD-04E4-428F-A78B-E2113C01B24B}.Debug|Any CPU.Build.0 = Debug|Any CPU
		{B030E0BD-04E4-428F-A78B-E2113C01B24B}.Release|Any CPU.ActiveCfg = Release|Any CPU
		{B030E0BD-04E4-428F-A78B-E2113C01B24B}.Release|Any CPU.Build.0 = Release|Any CPU
	EndGlobalSection
EndGlobal
